
Microsoft Visual Studio Solution File, Format Version 12.00
# Visual Studio 14
VisualStudioVersion = 14.0.25420.1
MinimumVisualStudioVersion = 10.0.40219.1
Project("{FAE04EC0-301F-11D3-BF4B-00C04F79EFBC}") = "AAA", "ClassLibrary1\AAA.csproj", "{9CF9A4D9-990D-47C7-90A1-C574752A31E6}"
EndProject
Project("{FAE04EC0-301F-11D3-BF4B-00C04F79EFBC}") = "XXX", "XXX\XXX.csproj", "{C4E1C1D3-2EC3-424F-9A4D-5CD8E1EB6301}"
EndProject
Global
	GlobalSection(SolutionConfigurationPlatforms) = preSolution
		Debug|Any CPU = Debug|Any CPU
		Release|Any CPU = Release|Any CPU
	EndGlobalSection
	GlobalSection(ProjectConfigurationPlatforms) = postSolution
		{9CF9A4D9-990D-47C7-90A1-C574752A31E6}.Debug|Any CPU.ActiveCfg = Debug|Any CPU
		{9CF9A4D9-990D-47C7-90A1-C574752A31E6}.Debug|Any CPU.Build.0 = Debug|Any CPU
		{9CF9A4D9-990D-47C7-90A1-C574752A31E6}.Release|Any CPU.ActiveCfg = Release|Any CPU
		{9CF9A4D9-990D-47C7-90A1-C574752A31E6}.Release|Any CPU.Build.0 = Release|Any CPU
		{C4E1C1D3-2EC3-424F-9A4D-5CD8E1EB6301}.Debug|Any CPU.ActiveCfg = Debug|Any CPU
		{C4E1C1D3-2EC3-424F-9A4D-5CD8E1EB6301}.Debug|Any CPU.Build.0 = Debug|Any CPU
		{C4E1C1D3-2EC3-424F-9A4D-5CD8E1EB6301}.Release|Any CPU.ActiveCfg = Release|Any CPU
		{C4E1C1D3-2EC3-424F-9A4D-5CD8E1EB6301}.Release|Any CPU.Build.0 = Release|Any CPU
	EndGlobalSection
	GlobalSection(SolutionProperties) = preSolution
		HideSolutionNode = FALSE
	EndGlobalSection
EndGlobal
